
Microsoft Visual Studio Solution File, Format Version 12.00
# Visual Studio 15
VisualStudioVersion = 15.0.26228.9
MinimumVisualStudioVersion = 10.0.40219.1
Project("{E24C65DC-7377-472B-9ABA-BC803B73C61A}") = "web", "web", "{D02D6655-5827-4045-864E-9E226F9A664E}"
	ProjectSection(WebsiteProperties) = preProject
		SccProjectName = "SAK"
		SccAuxPath = "SAK"
		SccLocalPath = "SAK"
		SccProvider = "SAK"
		TargetFrameworkMoniker = ".NETFramework,Version%3Dv4.5.2"
		ProjectReferences = "{95155F8D-F9BE-4C8E-AF70-6EC1AB8728E0}|TwoPrice.dll;{8ba7310a-5adb-4df6-91e0-3106569ab761}|Common.dll;"
		Debug.AspNetCompiler.VirtualPath = "/web"
		Debug.AspNetCompiler.PhysicalPath = "web\"
		Debug.AspNetCompiler.TargetPath = "PrecompiledWeb\web\"
		Debug.AspNetCompiler.Updateable = "true"
		Debug.AspNetCompiler.ForceOverwrite = "true"
		Debug.AspNetCompiler.FixedNames = "false"
		Debug.AspNetCompiler.Debug = "True"
		Release.AspNetCompiler.VirtualPath = "/web"
		Release.AspNetCompiler.PhysicalPath = "web\"
		Release.AspNetCompiler.TargetPath = "PrecompiledWeb\web\"
		Release.AspNetCompiler.Updateable = "true"
		Release.AspNetCompiler.ForceOverwrite = "true"
		Release.AspNetCompiler.FixedNames = "false"
		Release.AspNetCompiler.Debug = "False"
		VWDPort = "59780"
		SlnRelativePath = "web\"
		DefaultWebSiteLanguage = "Visual Basic"
	EndProjectSection
EndProject
Project("{F184B08F-C81C-45F6-A57F-5ABD9991F28F}") = "Common", "common\Common.vbproj", "{8BA7310A-5ADB-4DF6-91E0-3106569AB761}"
EndProject
Project("{F184B08F-C81C-45F6-A57F-5ABD9991F28F}") = "Tasks", "tasks\Tasks.vbproj", "{D408211A-4651-4A9D-A883-7337EA8EF6ED}"
EndProject
Project("{F184B08F-C81C-45F6-A57F-5ABD9991F28F}") = "TwoPrice", "modules\TwoPrice\TwoPrice.vbproj", "{95155F8D-F9BE-4C8E-AF70-6EC1AB8728E0}"
EndProject
Project("{E24C65DC-7377-472B-9ABA-BC803B73C61A}") = "CPModule", "CPModule", "{24F05319-427F-4AA8-A885-2FDFF49EFEC6}"
	ProjectSection(WebsiteProperties) = preProject
		TargetFrameworkMoniker = ".NETFramework,Version%3Dv4.6.1"
		ProjectReferences = "{074f3b3c-eb6e-4aad-96a6-d734e75cd3e2}|DataAccessLayer.dll;{8ba7310a-5adb-4df6-91e0-3106569ab761}|Common.dll;"
		Debug.AspNetCompiler.VirtualPath = "/localhost_55767"
		Debug.AspNetCompiler.PhysicalPath = "CPModule\"
		Debug.AspNetCompiler.TargetPath = "PrecompiledWeb\localhost_55767\"
		Debug.AspNetCompiler.Updateable = "true"
		Debug.AspNetCompiler.ForceOverwrite = "true"
		Debug.AspNetCompiler.FixedNames = "false"
		Debug.AspNetCompiler.Debug = "True"
		Release.AspNetCompiler.VirtualPath = "/localhost_55767"
		Release.AspNetCompiler.PhysicalPath = "CPModule\"
		Release.AspNetCompiler.TargetPath = "PrecompiledWeb\localhost_55767\"
		Release.AspNetCompiler.Updateable = "true"
		Release.AspNetCompiler.ForceOverwrite = "true"
		Release.AspNetCompiler.FixedNames = "false"
		Release.AspNetCompiler.Debug = "False"
		VWDPort = "55767"
		SlnRelativePath = "CPModule\"
		DefaultWebSiteLanguage = "Visual C#"
	EndProjectSection
EndProject
Project("{FAE04EC0-301F-11D3-BF4B-00C04F79EFBC}") = "DataAccessLayer", "DataAccessLayer\DataAccessLayer.csproj", "{074F3B3C-EB6E-4AAD-96A6-D734E75CD3E2}"
EndProject
Project("{FAE04EC0-301F-11D3-BF4B-00C04F79EFBC}") = "CBUSA-InvoiceCopy", "CBUSA-InvoiceCopy\CBUSA-InvoiceCopy.csproj", "{E4F18E25-AB25-40C7-ADC1-63919E90A98E}"
EndProject
Project("{E24C65DC-7377-472B-9ABA-BC803B73C61A}") = "BuilderDashboard", "BuilderDashboard", "{50B10B14-7E16-4CB1-8235-B7A51FD20044}"
	ProjectSection(WebsiteProperties) = preProject
		TargetFrameworkMoniker = ".NETFramework,Version%3Dv4.5.2"
		ProjectReferences = "{8ba7310a-5adb-4df6-91e0-3106569ab761}|Common.dll;"
		Debug.AspNetCompiler.VirtualPath = "/localhost_49332"
		Debug.AspNetCompiler.PhysicalPath = "BuilderDashboard\"
		Debug.AspNetCompiler.TargetPath = "PrecompiledWeb\localhost_49332\"
		Debug.AspNetCompiler.Updateable = "true"
		Debug.AspNetCompiler.ForceOverwrite = "true"
		Debug.AspNetCompiler.FixedNames = "false"
		Debug.AspNetCompiler.Debug = "True"
		Release.AspNetCompiler.VirtualPath = "/localhost_49332"
		Release.AspNetCompiler.PhysicalPath = "BuilderDashboard\"
		Release.AspNetCompiler.TargetPath = "PrecompiledWeb\localhost_49332\"
		Release.AspNetCompiler.Updateable = "true"
		Release.AspNetCompiler.ForceOverwrite = "true"
		Release.AspNetCompiler.FixedNames = "false"
		Release.AspNetCompiler.Debug = "False"
		VWDPort = "49332"
		SlnRelativePath = "BuilderDashboard\"
		DefaultWebSiteLanguage = "Visual Basic"
	EndProjectSection
EndProject
Project("{F184B08F-C81C-45F6-A57F-5ABD9991F28F}") = "CPModuleTasks", "CPModuleTasks\CPModuleTasks.vbproj", "{05CCE3FE-0481-4CDC-AB01-393B9557BC0C}"
EndProject
Project("{FAE04EC0-301F-11D3-BF4B-00C04F79EFBC}") = "CPModuleScheduleEmail", "CPModuleScheduleEmail\CPModuleScheduleEmail.csproj", "{BA25CD9E-5644-45DB-A92C-CBE70E3B13A2}"
EndProject
Global
	GlobalSection(SolutionConfigurationPlatforms) = preSolution
		Debug|.NET = Debug|.NET
		Debug|Any CPU = Debug|Any CPU
		Debug|Mixed Platforms = Debug|Mixed Platforms
		Release|.NET = Release|.NET
		Release|Any CPU = Release|Any CPU
		Release|Mixed Platforms = Release|Mixed Platforms
	EndGlobalSection
	GlobalSection(ProjectConfigurationPlatforms) = postSolution
		{D02D6655-5827-4045-864E-9E226F9A664E}.Debug|.NET.ActiveCfg = Debug|Any CPU
		{D02D6655-5827-4045-864E-9E226F9A664E}.Debug|Any CPU.ActiveCfg = Debug|Any CPU
		{D02D6655-5827-4045-864E-9E226F9A664E}.Debug|Any CPU.Build.0 = Debug|Any CPU
		{D02D6655-5827-4045-864E-9E226F9A664E}.Debug|Mixed Platforms.ActiveCfg = Debug|Any CPU
		{D02D6655-5827-4045-864E-9E226F9A664E}.Debug|Mixed Platforms.Build.0 = Debug|Any CPU
		{D02D6655-5827-4045-864E-9E226F9A664E}.Release|.NET.ActiveCfg = Debug|Any CPU
		{D02D6655-5827-4045-864E-9E226F9A664E}.Release|Any CPU.ActiveCfg = Debug|Any CPU
		{D02D6655-5827-4045-864E-9E226F9A664E}.Release|Any CPU.Build.0 = Debug|Any CPU
		{D02D6655-5827-4045-864E-9E226F9A664E}.Release|Mixed Platforms.ActiveCfg = Debug|Any CPU
		{D02D6655-5827-4045-864E-9E226F9A664E}.Release|Mixed Platforms.Build.0 = Debug|Any CPU
		{8BA7310A-5ADB-4DF6-91E0-3106569AB761}.Debug|.NET.ActiveCfg = Debug|Any CPU
		{8BA7310A-5ADB-4DF6-91E0-3106569AB761}.Debug|Any CPU.ActiveCfg = Debug|Any CPU
		{8BA7310A-5ADB-4DF6-91E0-3106569AB761}.Debug|Any CPU.Build.0 = Debug|Any CPU
		{8BA7310A-5ADB-4DF6-91E0-3106569AB761}.Debug|Mixed Platforms.ActiveCfg = Debug|Any CPU
		{8BA7310A-5ADB-4DF6-91E0-3106569AB761}.Debug|Mixed Platforms.Build.0 = Debug|Any CPU
		{8BA7310A-5ADB-4DF6-91E0-3106569AB761}.Release|.NET.ActiveCfg = Release|Any CPU
		{8BA7310A-5ADB-4DF6-91E0-3106569AB761}.Release|Any CPU.ActiveCfg = Release|Any CPU
		{8BA7310A-5ADB-4DF6-91E0-3106569AB761}.Release|Any CPU.Build.0 = Release|Any CPU
		{8BA7310A-5ADB-4DF6-91E0-3106569AB761}.Release|Mixed Platforms.ActiveCfg = Release|Any CPU
		{8BA7310A-5ADB-4DF6-91E0-3106569AB761}.Release|Mixed Platforms.Build.0 = Release|Any CPU
		{D408211A-4651-4A9D-A883-7337EA8EF6ED}.Debug|.NET.ActiveCfg = Debug|Any CPU
		{D408211A-4651-4A9D-A883-7337EA8EF6ED}.Debug|Any CPU.ActiveCfg = Debug|Any CPU
		{D408211A-4651-4A9D-A883-7337EA8EF6ED}.Debug|Any CPU.Build.0 = Debug|Any CPU
		{D408211A-4651-4A9D-A883-7337EA8EF6ED}.Debug|Mixed Platforms.ActiveCfg = Debug|Any CPU
		{D408211A-4651-4A9D-A883-7337EA8EF6ED}.Debug|Mixed Platforms.Build.0 = Debug|Any CPU
		{D408211A-4651-4A9D-A883-7337EA8EF6ED}.Release|.NET.ActiveCfg = Release|Any CPU
		{D408211A-4651-4A9D-A883-7337EA8EF6ED}.Release|Any CPU.ActiveCfg = Release|Any CPU
		{D408211A-4651-4A9D-A883-7337EA8EF6ED}.Release|Any CPU.Build.0 = Release|Any CPU
		{D408211A-4651-4A9D-A883-7337EA8EF6ED}.Release|Mixed Platforms.ActiveCfg = Release|Any CPU
		{D408211A-4651-4A9D-A883-7337EA8EF6ED}.Release|Mixed Platforms.Build.0 = Release|Any CPU
		{95155F8D-F9BE-4C8E-AF70-6EC1AB8728E0}.Debug|.NET.ActiveCfg = Debug|Any CPU
		{95155F8D-F9BE-4C8E-AF70-6EC1AB8728E0}.Debug|Any CPU.ActiveCfg = Debug|Any CPU
		{95155F8D-F9BE-4C8E-AF70-6EC1AB8728E0}.Debug|Any CPU.Build.0 = Debug|Any CPU
		{95155F8D-F9BE-4C8E-AF70-6EC1AB8728E0}.Debug|Mixed Platforms.ActiveCfg = Debug|Any CPU
		{95155F8D-F9BE-4C8E-AF70-6EC1AB8728E0}.Debug|Mixed Platforms.Build.0 = Debug|Any CPU
		{95155F8D-F9BE-4C8E-AF70-6EC1AB8728E0}.Release|.NET.ActiveCfg = Release|Any CPU
		{95155F8D-F9BE-4C8E-AF70-6EC1AB8728E0}.Release|Any CPU.ActiveCfg = Release|Any CPU
		{95155F8D-F9BE-4C8E-AF70-6EC1AB8728E0}.Release|Any CPU.Build.0 = Release|Any CPU
		{95155F8D-F9BE-4C8E-AF70-6EC1AB8728E0}.Release|Mixed Platforms.ActiveCfg = Release|Any CPU
		{95155F8D-F9BE-4C8E-AF70-6EC1AB8728E0}.Release|Mixed Platforms.Build.0 = Release|Any CPU
		{24F05319-427F-4AA8-A885-2FDFF49EFEC6}.Debug|.NET.ActiveCfg = Debug|Any CPU
		{24F05319-427F-4AA8-A885-2FDFF49EFEC6}.Debug|.NET.Build.0 = Debug|Any CPU
		{24F05319-427F-4AA8-A885-2FDFF49EFEC6}.Debug|Any CPU.ActiveCfg = Debug|Any CPU
		{24F05319-427F-4AA8-A885-2FDFF49EFEC6}.Debug|Any CPU.Build.0 = Debug|Any CPU
		{24F05319-427F-4AA8-A885-2FDFF49EFEC6}.Debug|Mixed Platforms.ActiveCfg = Debug|Any CPU
		{24F05319-427F-4AA8-A885-2FDFF49EFEC6}.Debug|Mixed Platforms.Build.0 = Debug|Any CPU
		{24F05319-427F-4AA8-A885-2FDFF49EFEC6}.Release|.NET.ActiveCfg = Debug|Any CPU
		{24F05319-427F-4AA8-A885-2FDFF49EFEC6}.Release|.NET.Build.0 = Debug|Any CPU
		{24F05319-427F-4AA8-A885-2FDFF49EFEC6}.Release|Any CPU.ActiveCfg = Debug|Any CPU
		{24F05319-427F-4AA8-A885-2FDFF49EFEC6}.Release|Any CPU.Build.0 = Debug|Any CPU
		{24F05319-427F-4AA8-A885-2FDFF49EFEC6}.Release|Mixed Platforms.ActiveCfg = Debug|Any CPU
		{24F05319-427F-4AA8-A885-2FDFF49EFEC6}.Release|Mixed Platforms.Build.0 = Debug|Any CPU
		{074F3B3C-EB6E-4AAD-96A6-D734E75CD3E2}.Debug|.NET.ActiveCfg = Debug|Any CPU
		{074F3B3C-EB6E-4AAD-96A6-D734E75CD3E2}.Debug|.NET.Build.0 = Debug|Any CPU
		{074F3B3C-EB6E-4AAD-96A6-D734E75CD3E2}.Debug|Any CPU.ActiveCfg = Debug|Any CPU
		{074F3B3C-EB6E-4AAD-96A6-D734E75CD3E2}.Debug|Any CPU.Build.0 = Debug|Any CPU
		{074F3B3C-EB6E-4AAD-96A6-D734E75CD3E2}.Debug|Mixed Platforms.ActiveCfg = Debug|Any CPU
		{074F3B3C-EB6E-4AAD-96A6-D734E75CD3E2}.Debug|Mixed Platforms.Build.0 = Debug|Any CPU
		{074F3B3C-EB6E-4AAD-96A6-D734E75CD3E2}.Release|.NET.ActiveCfg = Release|Any CPU
		{074F3B3C-EB6E-4AAD-96A6-D734E75CD3E2}.Release|.NET.Build.0 = Release|Any CPU
		{074F3B3C-EB6E-4AAD-96A6-D734E75CD3E2}.Release|Any CPU.ActiveCfg = Release|Any CPU
		{074F3B3C-EB6E-4AAD-96A6-D734E75CD3E2}.Release|Any CPU.Build.0 = Release|Any CPU
		{074F3B3C-EB6E-4AAD-96A6-D734E75CD3E2}.Release|Mixed Platforms.ActiveCfg = Release|Any CPU
		{074F3B3C-EB6E-4AAD-96A6-D734E75CD3E2}.Release|Mixed Platforms.Build.0 = Release|Any CPU
		{E4F18E25-AB25-40C7-ADC1-63919E90A98E}.Debug|.NET.ActiveCfg = Debug|Any CPU
		{E4F18E25-AB25-40C7-ADC1-63919E90A98E}.Debug|.NET.Build.0 = Debug|Any CPU
		{E4F18E25-AB25-40C7-ADC1-63919E90A98E}.Debug|Any CPU.ActiveCfg = Debug|Any CPU
		{E4F18E25-AB25-40C7-ADC1-63919E90A98E}.Debug|Any CPU.Build.0 = Debug|Any CPU
		{E4F18E25-AB25-40C7-ADC1-63919E90A98E}.Debug|Mixed Platforms.ActiveCfg = Debug|Any CPU
		{E4F18E25-AB25-40C7-ADC1-63919E90A98E}.Debug|Mixed Platforms.Build.0 = Debug|Any CPU
		{E4F18E25-AB25-40C7-ADC1-63919E90A98E}.Release|.NET.ActiveCfg = Release|Any CPU
		{E4F18E25-AB25-40C7-ADC1-63919E90A98E}.Release|.NET.Build.0 = Release|Any CPU
		{E4F18E25-AB25-40C7-ADC1-63919E90A98E}.Release|Any CPU.ActiveCfg = Release|Any CPU
		{E4F18E25-AB25-40C7-ADC1-63919E90A98E}.Release|Any CPU.Build.0 = Release|Any CPU
		{E4F18E25-AB25-40C7-ADC1-63919E90A98E}.Release|Mixed Platforms.ActiveCfg = Release|Any CPU
		{E4F18E25-AB25-40C7-ADC1-63919E90A98E}.Release|Mixed Platforms.Build.0 = Release|Any CPU
		{50B10B14-7E16-4CB1-8235-B7A51FD20044}.Debug|.NET.ActiveCfg = Debug|Any CPU
		{50B10B14-7E16-4CB1-8235-B7A51FD20044}.Debug|.NET.Build.0 = Debug|Any CPU
		{50B10B14-7E16-4CB1-8235-B7A51FD20044}.Debug|Any CPU.ActiveCfg = Debug|Any CPU
		{50B10B14-7E16-4CB1-8235-B7A51FD20044}.Debug|Any CPU.Build.0 = Debug|Any CPU
		{50B10B14-7E16-4CB1-8235-B7A51FD20044}.Debug|Mixed Platforms.ActiveCfg = Debug|Any CPU
		{50B10B14-7E16-4CB1-8235-B7A51FD20044}.Debug|Mixed Platforms.Build.0 = Debug|Any CPU
		{50B10B14-7E16-4CB1-8235-B7A51FD20044}.Release|.NET.ActiveCfg = Debug|Any CPU
		{50B10B14-7E16-4CB1-8235-B7A51FD20044}.Release|.NET.Build.0 = Debug|Any CPU
		{50B10B14-7E16-4CB1-8235-B7A51FD20044}.Release|Any CPU.ActiveCfg = Debug|Any CPU
		{50B10B14-7E16-4CB1-8235-B7A51FD20044}.Release|Any CPU.Build.0 = Debug|Any CPU
		{50B10B14-7E16-4CB1-8235-B7A51FD20044}.Release|Mixed Platforms.ActiveCfg = Debug|Any CPU
		{50B10B14-7E16-4CB1-8235-B7A51FD20044}.Release|Mixed Platforms.Build.0 = Debug|Any CPU
		{05CCE3FE-0481-4CDC-AB01-393B9557BC0C}.Debug|.NET.ActiveCfg = Debug|Any CPU
		{05CCE3FE-0481-4CDC-AB01-393B9557BC0C}.Debug|.NET.Build.0 = Debug|Any CPU
		{05CCE3FE-0481-4CDC-AB01-393B9557BC0C}.Debug|Any CPU.ActiveCfg = Debug|Any CPU
		{05CCE3FE-0481-4CDC-AB01-393B9557BC0C}.Debug|Any CPU.Build.0 = Debug|Any CPU
		{05CCE3FE-0481-4CDC-AB01-393B9557BC0C}.Debug|Mixed Platforms.ActiveCfg = Debug|Any CPU
		{05CCE3FE-0481-4CDC-AB01-393B9557BC0C}.Debug|Mixed Platforms.Build.0 = Debug|Any CPU
		{05CCE3FE-0481-4CDC-AB01-393B9557BC0C}.Release|.NET.ActiveCfg = Release|Any CPU
		{05CCE3FE-0481-4CDC-AB01-393B9557BC0C}.Release|.NET.Build.0 = Release|Any CPU
		{05CCE3FE-0481-4CDC-AB01-393B9557BC0C}.Release|Any CPU.ActiveCfg = Release|Any CPU
		{05CCE3FE-0481-4CDC-AB01-393B9557BC0C}.Release|Any CPU.Build.0 = Release|Any CPU
		{05CCE3FE-0481-4CDC-AB01-393B9557BC0C}.Release|Mixed Platforms.ActiveCfg = Release|Any CPU
		{05CCE3FE-0481-4CDC-AB01-393B9557BC0C}.Release|Mixed Platforms.Build.0 = Release|Any CPU
		{BA25CD9E-5644-45DB-A92C-CBE70E3B13A2}.Debug|.NET.ActiveCfg = Debug|Any CPU
		{BA25CD9E-5644-45DB-A92C-CBE70E3B13A2}.Debug|.NET.Build.0 = Debug|Any CPU
		{BA25CD9E-5644-45DB-A92C-CBE70E3B13A2}.Debug|Any CPU.ActiveCfg = Debug|Any CPU
		{BA25CD9E-5644-45DB-A92C-CBE70E3B13A2}.Debug|Any CPU.Build.0 = Debug|Any CPU
		{BA25CD9E-5644-45DB-A92C-CBE70E3B13A2}.Debug|Mixed Platforms.ActiveCfg = Debug|Any CPU
		{BA25CD9E-5644-45DB-A92C-CBE70E3B13A2}.Debug|Mixed Platforms.Build.0 = Debug|Any CPU
		{BA25CD9E-5644-45DB-A92C-CBE70E3B13A2}.Release|.NET.ActiveCfg = Release|Any CPU
		{BA25CD9E-5644-45DB-A92C-CBE70E3B13A2}.Release|.NET.Build.0 = Release|Any CPU
		{BA25CD9E-5644-45DB-A92C-CBE70E3B13A2}.Release|Any CPU.ActiveCfg = Release|Any CPU
		{BA25CD9E-5644-45DB-A92C-CBE70E3B13A2}.Release|Any CPU.Build.0 = Release|Any CPU
		{BA25CD9E-5644-45DB-A92C-CBE70E3B13A2}.Release|Mixed Platforms.ActiveCfg = Release|Any CPU
		{BA25CD9E-5644-45DB-A92C-CBE70E3B13A2}.Release|Mixed Platforms.Build.0 = Release|Any CPU
	EndGlobalSection
	GlobalSection(SolutionProperties) = preSolution
		HideSolutionNode = FALSE
	EndGlobalSection
	GlobalSection(ExtensibilityGlobals) = postSolution
		SolutionGuid = {8D1BFEBD-D427-4161-8572-DE9B05B80BEA}
	EndGlobalSection
	GlobalSection(TeamFoundationVersionControl) = preSolution
		SccNumberOfProjects = 4
		SccEnterpriseProvider = {4CA58AB2-18FA-4F8D-95D4-32DDF27D184C}
		SccTeamFoundationServer = https://medullus.visualstudio.com/defaultcollection
		SccWebProject0 = true
		SccProjectUniqueName0 = web
		SccProjectName0 = web
		SccAuxPath0 = https://medullus.visualstudio.com/DefaultCollection
		SccLocalPath0 = web
		SccProvider0 = {4CA58AB2-18FA-4F8D-95D4-32DDF27D184C}
		SccProjectEnlistmentChoice0 = 2
		SccProjectUniqueName1 = common\\Common.vbproj
		SccProjectName1 = common
		SccAuxPath1 = https://medullus.visualstudio.com/DefaultCollection
		SccLocalPath1 = common
		SccProvider1 = {4CA58AB2-18FA-4F8D-95D4-32DDF27D184C}
		SccProjectUniqueName2 = tasks\\Tasks.vbproj
		SccProjectName2 = tasks
		SccAuxPath2 = https://medullus.visualstudio.com/DefaultCollection
		SccLocalPath2 = tasks
		SccProvider2 = {4CA58AB2-18FA-4F8D-95D4-32DDF27D184C}
		SccProjectUniqueName3 = modules\\TwoPrice\\TwoPrice.vbproj
		SccProjectName3 = modules/TwoPrice
		SccAuxPath3 = https://medullus.visualstudio.com/DefaultCollection
		SccLocalPath3 = modules\\TwoPrice
		SccProvider3 = {4CA58AB2-18FA-4F8D-95D4-32DDF27D184C}
	EndGlobalSection
EndGlobal
